# This file was autogenerated by Stack.
# You should not edit this file by hand.
# For more information, please see the documentation at:
#   https://docs.haskellstack.org/en/stable/topics/lock_files

packages:
- completed:
    hackage: explainable-predicates-0.1.2.4@sha256:69125c622d19b4e5ca44c384e354a615aef13605756a77d2fd371307ae092586,3808
    pantry-tree:
      sha256: 58825d7f9e99cb0509f28cb68cfc508b6cbcef5c9c3ee4b295b9cb35e0fb858f
      size: 867
  original:
    hackage: explainable-predicates-0.1.2.4
snapshots:
- completed:
    sha256: 3bb3bbc6f68f86bbaed30c8f5644f9f39baf255f2723620172098bb64550100d
    size: 656187
    url: https://raw.githubusercontent.com/commercialhaskell/stackage-snapshots/master/nightly/2025/2/28.yaml
  original: nightly-2025-02-28
